<Solution>
  <Folder Name="/Solution Items/">
    <File Path="README.md" />
  </Folder>
  <Project Path="docker-compose.dcproj">
    <Build />
  </Project>
  <Project Path="FirstBank.API/FirstBank.API.csproj" />
  <Project Path="FirstBank.Core/FirstBank.Core.csproj" />
  <Project Path="FirstBank.DataAccess/FirstBank.DataAccess.csproj" />
</Solution>
